{
  "nodes": {
    "nixpkgs": {
      "locked": {
        "lastModified": 1760038930,
        "narHash": "sha256-Oncbh0UmHjSlxO7ErQDM3KM0A5/Znfofj2BSzlHLeVw=",
        "owner": "NixOS",
        "repo": "nixpkgs",
        "rev": "0b4defa2584313f3b781240b29d61f6f9f7e0df3",
        "type": "github"
      },
      "original": {
        "owner": "NixOS",
        "ref": "nixos-unstable",
        "repo": "nixpkgs",
        "type": "github"
      }
    },
    "root": {
      "inputs": {
        "nixpkgs": "nixpkgs",
        "winboat": "winboat"
      }
    },
    "winboat": {
      "inputs": {
        "nixpkgs": [
          "nixpkgs"
        ]
      },
      "locked": {
        "lastModified": 1760183562,
        "narHash": "sha256-lauscAI61WXjLTuGiRDMUAEeTqvOTSWhRoHDaor5sfE=",
        "owner": "TibixDev",
        "repo": "winboat",
        "rev": "ae60de6c2cba7a2001fef1027d5c2e06614e6904",
        "type": "github"
      },
      "original": {
        "owner": "TibixDev",
        "repo": "winboat",
        "type": "github"
      }
    }
  },
  "root": "root",
  "version": 7
}
