{
  "nodes": {
    "emacs": {
      "flake": false,
      "locked": {
        "lastModified": 1701514981,
        "narHash": "sha256-UQnPfEFDe8AWZL8hk6hyinYfn08wSdNNhVk0L6uTj4k=",
        "owner": "sk4rd",
        "repo": "emacs.d",
        "rev": "5f1f5e4facbb9ab7c417ba4874adc7b707909d85",
        "type": "github"
      },
      "original": {
        "owner": "sk4rd",
        "ref": "dev",
        "repo": "emacs.d",
        "type": "github"
      }
    },
    "home-manager": {
      "inputs": {
        "nixpkgs": [
          "nixpkgs"
        ]
      },
      "locked": {
        "lastModified": 1702538064,
        "narHash": "sha256-At5GwJPu2tzvS9dllhBoZmqK6lkkh/sOp2YefWRlaL8=",
        "owner": "nix-community",
        "repo": "home-manager",
        "rev": "0e2e443ff24f9d75925e91b89d1da44b863734af",
        "type": "github"
      },
      "original": {
        "owner": "nix-community",
        "repo": "home-manager",
        "type": "github"
      }
    },
    "nixpkgs": {
      "locked": {
        "lastModified": 1702312524,
        "narHash": "sha256-gkZJRDBUCpTPBvQk25G0B7vfbpEYM5s5OZqghkjZsnE=",
        "owner": "NixOS",
        "repo": "nixpkgs",
        "rev": "a9bf124c46ef298113270b1f84a164865987a91c",
        "type": "github"
      },
      "original": {
        "id": "nixpkgs",
        "ref": "nixos-unstable",
        "type": "indirect"
      }
    },
    "root": {
      "inputs": {
        "emacs": "emacs",
        "home-manager": "home-manager",
        "nixpkgs": "nixpkgs",
        "wallpapers": "wallpapers"
      }
    },
    "wallpapers": {
      "flake": false,
      "locked": {
        "lastModified": 1702564323,
        "narHash": "sha256-+SuAOXq9lb/PxSBItxm3foTZZ2E+grGb+FgQChc+oH4=",
        "owner": "sk4rd",
        "repo": "wallpapers",
        "rev": "5efe25b0d57aeced67a198eed1d855f8679c4fe2",
        "type": "github"
      },
      "original": {
        "owner": "sk4rd",
        "repo": "wallpapers",
        "type": "github"
      }
    }
  },
  "root": "root",
  "version": 7
}
